Microsoft Visual Studio Solution File, Format Version 12.00
# Visual Studio Version 17
VisualStudioVersion = 17.5.2.0
MinimumVisualStudioVersion = 10.0.40219.1
Project("{FAE04EC0-301F-11D3-BF4B-00C04F79EFBC}") = "BinaryHeapArray", "BinaryHeapArray.csproj", "{6ABE4918-AADF-B03C-4D0A-3BD03C986109}"
EndProject
Global
	GlobalSection(SolutionConfigurationPlatforms) = preSolution
		Debug|Any CPU = Debug|Any CPU
		Release|Any CPU = Release|Any CPU
	EndGlobalSection
	GlobalSection(ProjectConfigurationPlatforms) = postSolution
		{6ABE4918-AADF-B03C-4D0A-3BD03C986109}.Debug|Any CPU.ActiveCfg = Debug|Any CPU
		{6ABE4918-AADF-B03C-4D0A-3BD03C986109}.Debug|Any CPU.Build.0 = Debug|Any CPU
		{6ABE4918-AADF-B03C-4D0A-3BD03C986109}.Release|Any CPU.ActiveCfg = Release|Any CPU
		{6ABE4918-AADF-B03C-4D0A-3BD03C986109}.Release|Any CPU.Build.0 = Release|Any CPU
	EndGlobalSection
	GlobalSection(SolutionProperties) = preSolution
		HideSolutionNode = FALSE
	EndGlobalSection
	GlobalSection(ExtensibilityGlobals) = postSolution
		SolutionGuid = {BBAA03C6-F540-427D-9057-79C53DCF9156}
	EndGlobalSection
EndGlobal
